
Microsoft Visual Studio Solution File, Format Version 11.00
# Visual Studio 2010
Project("{FAE04EC0-301F-11D3-BF4B-00C04F79EFBC}") = "Assembly-CSharp", "Assembly-CSharp.csproj", "{29C4A662-3741-7AB1-D80A-CD1467447E29}"
EndProject
Project("{FAE04EC0-301F-11D3-BF4B-00C04F79EFBC}") = "Assembly-CSharp-firstpass", "Assembly-CSharp-firstpass.csproj", "{AF0CE751-476E-7003-19A8-802B3B5347E6}"
EndProject
Project("{FAE04EC0-301F-11D3-BF4B-00C04F79EFBC}") = "Assembly-CSharp-Editor-firstpass", "Assembly-CSharp-Editor-firstpass.csproj", "{F062FC6A-53CC-E515-F7A9-4E38132798B8}"
EndProject
Project("{FAE04EC0-301F-11D3-BF4B-00C04F79EFBC}") = "Assembly-CSharp-Editor", "Assembly-CSharp-Editor.csproj", "{937A9238-3744-9B8D-66AD-6A17713D09F1}"
EndProject
Global
	GlobalSection(SolutionConfigurationPlatforms) = preSolution
		Debug|Any CPU = Debug|Any CPU
		Release|Any CPU = Release|Any CPU
	EndGlobalSection
	GlobalSection(ProjectConfigurationPlatforms) = postSolution
		{29C4A662-3741-7AB1-D80A-CD1467447E29}.Debug|Any CPU.ActiveCfg = Debug|Any CPU
		{29C4A662-3741-7AB1-D80A-CD1467447E29}.Debug|Any CPU.Build.0 = Debug|Any CPU
		{29C4A662-3741-7AB1-D80A-CD1467447E29}.Release|Any CPU.ActiveCfg = Release|Any CPU
		{29C4A662-3741-7AB1-D80A-CD1467447E29}.Release|Any CPU.Build.0 = Release|Any CPU
		{AF0CE751-476E-7003-19A8-802B3B5347E6}.Debug|Any CPU.ActiveCfg = Debug|Any CPU
		{AF0CE751-476E-7003-19A8-802B3B5347E6}.Debug|Any CPU.Build.0 = Debug|Any CPU
		{AF0CE751-476E-7003-19A8-802B3B5347E6}.Release|Any CPU.ActiveCfg = Release|Any CPU
		{AF0CE751-476E-7003-19A8-802B3B5347E6}.Release|Any CPU.Build.0 = Release|Any CPU
		{F062FC6A-53CC-E515-F7A9-4E38132798B8}.Debug|Any CPU.ActiveCfg = Debug|Any CPU
		{F062FC6A-53CC-E515-F7A9-4E38132798B8}.Debug|Any CPU.Build.0 = Debug|Any CPU
		{F062FC6A-53CC-E515-F7A9-4E38132798B8}.Release|Any CPU.ActiveCfg = Release|Any CPU
		{F062FC6A-53CC-E515-F7A9-4E38132798B8}.Release|Any CPU.Build.0 = Release|Any CPU
		{937A9238-3744-9B8D-66AD-6A17713D09F1}.Debug|Any CPU.ActiveCfg = Debug|Any CPU
		{937A9238-3744-9B8D-66AD-6A17713D09F1}.Debug|Any CPU.Build.0 = Debug|Any CPU
		{937A9238-3744-9B8D-66AD-6A17713D09F1}.Release|Any CPU.ActiveCfg = Release|Any CPU
		{937A9238-3744-9B8D-66AD-6A17713D09F1}.Release|Any CPU.Build.0 = Release|Any CPU
	EndGlobalSection
	GlobalSection(SolutionProperties) = preSolution
		HideSolutionNode = FALSE
	EndGlobalSection
	GlobalSection(MonoDevelopProperties) = preSolution
		StartupItem = Assembly-CSharp.csproj
	EndGlobalSection
EndGlobal
